// !$*UTF8*$!
{
	archiveVersion = 1;
	classes = {
	};
	objectVersion = 50;
	objects = {

/* Begin PBXBuildFile section */
		9B18FCFC22CCBB84001CA9A0 /* Sentence.swift in Sources */ = {isa = PBXBuildFile; fileRef = 9B18FCFB22CCBB83001CA9A0 /* Sentence.swift */; };
		9B18FCFE22CCC84B001CA9A0 /* ErrorType.swift in Sources */ = {isa = PBXBuildFile; fileRef = 9B18FCFD22CCC84B001CA9A0 /* ErrorType.swift */; };
		9B18FD0222CCD515001CA9A0 /* SentenceCell.swift in Sources */ = {isa = PBXBuildFile; fileRef = 9B18FD0022CCD515001CA9A0 /* SentenceCell.swift */; };
		9B18FD0322CCD515001CA9A0 /* SentenceCell.xib in Resources */ = {isa = PBXBuildFile; fileRef = 9B18FD0122CCD515001CA9A0 /* SentenceCell.xib */; };
		9B18FD0522CCD86D001CA9A0 /* ViewController+TableView.swift in Sources */ = {isa = PBXBuildFile; fileRef = 9B18FD0422CCD86D001CA9A0 /* ViewController+TableView.swift */; };
		9B18FD0722CCDDDC001CA9A0 /* MEOKit.framework in Frameworks */ = {isa = PBXBuildFile; fileRef = 9B18FD0622CCDDDC001CA9A0 /* MEOKit.framework */; };
		9B273C4722CC8E2B00A024FA /* AppDelegate.swift in Sources */ = {isa = PBXBuildFile; fileRef = 9B273C4622CC8E2B00A024FA /* AppDelegate.swift */; };
		9B273C4922CC8E2B00A024FA /* ViewController.swift in Sources */ = {isa = PBXBuildFile; fileRef = 9B273C4822CC8E2B00A024FA /* ViewController.swift */; };
		9B273C4C22CC8E2B00A024FA /* Main.storyboard in Resources */ = {isa = PBXBuildFile; fileRef = 9B273C4A22CC8E2B00A024FA /* Main.storyboard */; };
		9B273C4E22CC8E2C00A024FA /* Assets.xcassets in Resources */ = {isa = PBXBuildFile; fileRef = 9B273C4D22CC8E2C00A024FA /* Assets.xcassets */; };
		9B273C5122CC8E2C00A024FA /* LaunchScreen.storyboard in Resources */ = {isa = PBXBuildFile; fileRef = 9B273C4F22CC8E2C00A024FA /* LaunchScreen.storyboard */; };
		9B273C5C22CC8E2C00A024FA /* YomiganaTests.swift in Sources */ = {isa = PBXBuildFile; fileRef = 9B273C5B22CC8E2C00A024FA /* YomiganaTests.swift */; };
		9B273C6722CC8E2D00A024FA /* YomiganaUITests.swift in Sources */ = {isa = PBXBuildFile; fileRef = 9B273C6622CC8E2D00A024FA /* YomiganaUITests.swift */; };
		9B273C7822CC8FFF00A024FA /* SwiftyJSON.framework in Frameworks */ = {isa = PBXBuildFile; fileRef = 9B273C7522CC8FFF00A024FA /* SwiftyJSON.framework */; };
		9B273C7922CC8FFF00A024FA /* Alamofire.framework in Frameworks */ = {isa = PBXBuildFile; fileRef = 9B273C7622CC8FFF00A024FA /* Alamofire.framework */; };
		9B273C7A22CC8FFF00A024FA /* SVProgressHUD.framework in Frameworks */ = {isa = PBXBuildFile; fileRef = 9B273C7722CC8FFF00A024FA /* SVProgressHUD.framework */; };
		9B273C7D22CC913900A024FA /* Constants.swift in Sources */ = {isa = PBXBuildFile; fileRef = 9B273C7C22CC913900A024FA /* Constants.swift */; };
/* End PBXBuildFile section */

/* Begin PBXContainerItemProxy section */
		9B273C5822CC8E2C00A024FA /* PBXContainerItemProxy */ = {
			isa = PBXContainerItemProxy;
			containerPortal = 9B273C3B22CC8E2B00A024FA /* Project object */;
			proxyType = 1;
			remoteGlobalIDString = 9B273C4222CC8E2B00A024FA;
			remoteInfo = Yomigana;
		};
		9B273C6322CC8E2D00A024FA /* PBXContainerItemProxy */ = {
			isa = PBXContainerItemProxy;
			containerPortal = 9B273C3B22CC8E2B00A024FA /* Project object */;
			proxyType = 1;
			remoteGlobalIDString = 9B273C4222CC8E2B00A024FA;
			remoteInfo = Yomigana;
		};
/* End PBXContainerItemProxy section */

/* Begin PBXFileReference section */
		9B18FCFB22CCBB83001CA9A0 /* Sentence.swift */ = {isa = PBXFileReference; lastKnownFileType = sourcecode.swift; path = Sentence.swift; sourceTree = "<group>"; };
		9B18FCFD22CCC84B001CA9A0 /* ErrorType.swift */ = {isa = PBXFileReference; lastKnownFileType = sourcecode.swift; path = ErrorType.swift; sourceTree = "<group>"; };
		9B18FD0022CCD515001CA9A0 /* SentenceCell.swift */ = {isa = PBXFileReference; lastKnownFileType = sourcecode.swift; path = SentenceCell.swift; sourceTree = "<group>"; };
		9B18FD0122CCD515001CA9A0 /* SentenceCell.xib */ = {isa = PBXFileReference; lastKnownFileType = file.xib; path = SentenceCell.xib; sourceTree = "<group>"; };
		9B18FD0422CCD86D001CA9A0 /* ViewController+TableView.swift */ = {isa = PBXFileReference; lastKnownFileType = sourcecode.swift; path = "ViewController+TableView.swift"; sourceTree = "<group>"; };
		9B18FD0622CCDDDC001CA9A0 /* MEOKit.framework */ = {isa = PBXFileReference; lastKnownFileType = wrapper.framework; name = MEOKit.framework; path = Carthage/Build/iOS/MEOKit.framework; sourceTree = "<group>"; };
		9B273C4322CC8E2B00A024FA /* Yomigana.app */ = {isa = PBXFileReference; explicitFileType = wrapper.application; includeInIndex = 0; path = Yomigana.app; sourceTree = BUILT_PRODUCTS_DIR; };
		9B273C4622CC8E2B00A024FA /* AppDelegate.swift */ = {isa = PBXFileReference; lastKnownFileType = sourcecode.swift; path = AppDelegate.swift; sourceTree = "<group>"; };
		9B273C4822CC8E2B00A024FA /* ViewController.swift */ = {isa = PBXFileReference; lastKnownFileType = sourcecode.swift; path = ViewController.swift; sourceTree = "<group>"; };
		9B273C4B22CC8E2B00A024FA /* Base */ = {isa = PBXFileReference; lastKnownFileType = file.storyboard; name = Base; path = Base.lproj/Main.storyboard; sourceTree = "<group>"; };
		9B273C4D22CC8E2C00A024FA /* Assets.xcassets */ = {isa = PBXFileReference; lastKnownFileType = folder.assetcatalog; path = Assets.xcassets; sourceTree = "<group>"; };
		9B273C5022CC8E2C00A024FA /* Base */ = {isa = PBXFileReference; lastKnownFileType = file.storyboard; name = Base; path = Base.lproj/LaunchScreen.storyboard; sourceTree = "<group>"; };
		9B273C5222CC8E2C00A024FA /* Info.plist */ = {isa = PBXFileReference; lastKnownFileType = text.plist.xml; path = Info.plist; sourceTree = "<group>"; };
		9B273C5722CC8E2C00A024FA /* YomiganaTests.xctest */ = {isa = PBXFileReference; explicitFileType = wrapper.cfbundle; includeInIndex = 0; path = YomiganaTests.xctest; sourceTree = BUILT_PRODUCTS_DIR; };
		9B273C5B22CC8E2C00A024FA /* YomiganaTests.swift */ = {isa = PBXFileReference; lastKnownFileType = sourcecode.swift; path = YomiganaTests.swift; sourceTree = "<group>"; };
		9B273C5D22CC8E2D00A024FA /* Info.plist */ = {isa = PBXFileReference; lastKnownFileType = text.plist.xml; path = Info.plist; sourceTree = "<group>"; };
		9B273C6222CC8E2D00A024FA /* YomiganaUITests.xctest */ = {isa = PBXFileReference; explicitFileType = wrapper.cfbundle; includeInIndex = 0; path = YomiganaUITests.xctest; sourceTree = BUILT_PRODUCTS_DIR; };
		9B273C6622CC8E2D00A024FA /* YomiganaUITests.swift */ = {isa = PBXFileReference; lastKnownFileType = sourcecode.swift; path = YomiganaUITests.swift; sourceTree = "<group>"; };
		9B273C6822CC8E2D00A024FA /* Info.plist */ = {isa = PBXFileReference; lastKnownFileType = text.plist.xml; path = Info.plist; sourceTree = "<group>"; };
		9B273C7522CC8FFF00A024FA /* SwiftyJSON.framework */ = {isa = PBXFileReference; lastKnownFileType = wrapper.framework; name = SwiftyJSON.framework; path = Carthage/Build/iOS/SwiftyJSON.framework; sourceTree = "<group>"; };
		9B273C7622CC8FFF00A024FA /* Alamofire.framework */ = {isa = PBXFileReference; lastKnownFileType = wrapper.framework; name = Alamofire.framework; path = Carthage/Build/iOS/Alamofire.framework; sourceTree = "<group>"; };
		9B273C7722CC8FFF00A024FA /* SVProgressHUD.framework */ = {isa = PBXFileReference; lastKnownFileType = wrapper.framework; name = SVProgressHUD.framework; path = Carthage/Build/iOS/SVProgressHUD.framework; sourceTree = "<group>"; };
		9B273C7C22CC913900A024FA /* Constants.swift */ = {isa = PBXFileReference; lastKnownFileType = sourcecode.swift; path = Constants.swift; sourceTree = "<group>"; };
/* End PBXFileReference section */

/* Begin PBXFrameworksBuildPhase section */
		9B273C4022CC8E2B00A024FA /* Frameworks */ = {
			isa = PBXFrameworksBuildPhase;
			buildActionMask = 2147483647;
			files = (
				9B18FD0722CCDDDC001CA9A0 /* MEOKit.framework in Frameworks */,
				9B273C7822CC8FFF00A024FA /* SwiftyJSON.framework in Frameworks */,
				9B273C7922CC8FFF00A024FA /* Alamofire.framework in Frameworks */,
				9B273C7A22CC8FFF00A024FA /* SVProgressHUD.framework in Frameworks */,
			);
			runOnlyForDeploymentPostprocessing = 0;
		};
		9B273C5422CC8E2C00A024FA /* Frameworks */ = {
			isa = PBXFrameworksBuildPhase;
			buildActionMask = 2147483647;
			files = (
			);
			runOnlyForDeploymentPostprocessing = 0;
		};
		9B273C5F22CC8E2D00A024FA /* Frameworks */ = {
			isa = PBXFrameworksBuildPhase;
			buildActionMask = 2147483647;
			files = (
			);
			runOnlyForDeploymentPostprocessing = 0;
		};
/* End PBXFrameworksBuildPhase section */

/* Begin PBXGroup section */
		9B18FCF822CCB588001CA9A0 /* api */ = {
			isa = PBXGroup;
			children = (
				9B18FCFB22CCBB83001CA9A0 /* Sentence.swift */,
				9B18FCFD22CCC84B001CA9A0 /* ErrorType.swift */,
			);
			path = api;
			sourceTree = "<group>";
		};
		9B18FCFF22CCD4FA001CA9A0 /* view */ = {
			isa = PBXGroup;
			children = (
				9B18FD0022CCD515001CA9A0 /* SentenceCell.swift */,
				9B18FD0122CCD515001CA9A0 /* SentenceCell.xib */,
			);
			path = view;
			sourceTree = "<group>";
		};
		9B273C3A22CC8E2B00A024FA = {
			isa = PBXGroup;
			children = (
				9B273C4522CC8E2B00A024FA /* Yomigana */,
				9B273C5A22CC8E2C00A024FA /* YomiganaTests */,
				9B273C6522CC8E2D00A024FA /* YomiganaUITests */,
				9B273C4422CC8E2B00A024FA /* Products */,
				9B273C7422CC8FFE00A024FA /* Frameworks */,
			);
			sourceTree = "<group>";
		};
		9B273C4422CC8E2B00A024FA /* Products */ = {
			isa = PBXGroup;
			children = (
				9B273C4322CC8E2B00A024FA /* Yomigana.app */,
				9B273C5722CC8E2C00A024FA /* YomiganaTests.xctest */,
				9B273C6222CC8E2D00A024FA /* YomiganaUITests.xctest */,
			);
			name = Products;
			sourceTree = "<group>";
		};
		9B273C4522CC8E2B00A024FA /* Yomigana */ = {
			isa = PBXGroup;
			children = (
				9B273C5222CC8E2C00A024FA /* Info.plist */,
				9B273C4622CC8E2B00A024FA /* AppDelegate.swift */,
				9B273C7C22CC913900A024FA /* Constants.swift */,
				9B273C4822CC8E2B00A024FA /* ViewController.swift */,
				9B18FD0422CCD86D001CA9A0 /* ViewController+TableView.swift */,
				9B273C4D22CC8E2C00A024FA /* Assets.xcassets */,
				9B18FCF822CCB588001CA9A0 /* api */,
				9B273C4F22CC8E2C00A024FA /* LaunchScreen.storyboard */,
				9B273C4A22CC8E2B00A024FA /* Main.storyboard */,
				9B18FCFF22CCD4FA001CA9A0 /* view */,
			);
			path = Yomigana;
			sourceTree = "<group>";
		};
		9B273C5A22CC8E2C00A024FA /* YomiganaTests */ = {
			isa = PBXGroup;
			children = (
				9B273C5B22CC8E2C00A024FA /* YomiganaTests.swift */,
				9B273C5D22CC8E2D00A024FA /* Info.plist */,
			);
			path = YomiganaTests;
			sourceTree = "<group>";
		};
		9B273C6522CC8E2D00A024FA /* YomiganaUITests */ = {
			isa = PBXGroup;
			children = (
				9B273C6622CC8E2D00A024FA /* YomiganaUITests.swift */,
				9B273C6822CC8E2D00A024FA /* Info.plist */,
			);
			path = YomiganaUITests;
			sourceTree = "<group>";
		};
		9B273C7422CC8FFE00A024FA /* Frameworks */ = {
			isa = PBXGroup;
			children = (
				9B18FD0622CCDDDC001CA9A0 /* MEOKit.framework */,
				9B273C7622CC8FFF00A024FA /* Alamofire.framework */,
				9B273C7722CC8FFF00A024FA /* SVProgressHUD.framework */,
				9B273C7522CC8FFF00A024FA /* SwiftyJSON.framework */,
			);
			name = Frameworks;
			sourceTree = "<group>";
		};
/* End PBXGroup section */

/* Begin PBXNativeTarget section */
		9B273C4222CC8E2B00A024FA /* Yomigana */ = {
			isa = PBXNativeTarget;
			buildConfigurationList = 9B273C6B22CC8E2D00A024FA /* Build configuration list for PBXNativeTarget "Yomigana" */;
			buildPhases = (
				9B273C3F22CC8E2B00A024FA /* Sources */,
				9B273C4022CC8E2B00A024FA /* Frameworks */,
				9B273C4122CC8E2B00A024FA /* Resources */,
				9B273C7B22CC901900A024FA /* ShellScript */,
			);
			buildRules = (
			);
			dependencies = (
			);
			name = Yomigana;
			productName = Yomigana;
			productReference = 9B273C4322CC8E2B00A024FA /* Yomigana.app */;
			productType = "com.apple.product-type.application";
		};
		9B273C5622CC8E2C00A024FA /* YomiganaTests */ = {
			isa = PBXNativeTarget;
			buildConfigurationList = 9B273C6E22CC8E2D00A024FA /* Build configuration list for PBXNativeTarget "YomiganaTests" */;
			buildPhases = (
				9B273C5322CC8E2C00A024FA /* Sources */,
				9B273C5422CC8E2C00A024FA /* Frameworks */,
				9B273C5522CC8E2C00A024FA /* Resources */,
			);
			buildRules = (
			);
			dependencies = (
				9B273C5922CC8E2C00A024FA /* PBXTargetDependency */,
			);
			name = YomiganaTests;
			productName = YomiganaTests;
			productReference = 9B273C5722CC8E2C00A024FA /* YomiganaTests.xctest */;
			productType = "com.apple.product-type.bundle.unit-test";
		};
		9B273C6122CC8E2D00A024FA /* YomiganaUITests */ = {
			isa = PBXNativeTarget;
			buildConfigurationList = 9B273C7122CC8E2D00A024FA /* Build configuration list for PBXNativeTarget "YomiganaUITests" */;
			buildPhases = (
				9B273C5E22CC8E2D00A024FA /* Sources */,
				9B273C5F22CC8E2D00A024FA /* Frameworks */,
				9B273C6022CC8E2D00A024FA /* Resources */,
			);
			buildRules = (
			);
			dependencies = (
				9B273C6422CC8E2D00A024FA /* PBXTargetDependency */,
			);
			name = YomiganaUITests;
			productName = YomiganaUITests;
			productReference = 9B273C6222CC8E2D00A024FA /* YomiganaUITests.xctest */;
			productType = "com.apple.product-type.bundle.ui-testing";
		};
/* End PBXNativeTarget section */

/* Begin PBXProject section */
		9B273C3B22CC8E2B00A024FA /* Project object */ = {
			isa = PBXProject;
			attributes = {
				LastSwiftUpdateCheck = 1020;
				LastUpgradeCheck = 1020;
				ORGANIZATIONNAME = "Mitsuharu Emoto";
				TargetAttributes = {
					9B273C4222CC8E2B00A024FA = {
						CreatedOnToolsVersion = 10.2.1;
					};
					9B273C5622CC8E2C00A024FA = {
						CreatedOnToolsVersion = 10.2.1;
						TestTargetID = 9B273C4222CC8E2B00A024FA;
					};
					9B273C6122CC8E2D00A024FA = {
						CreatedOnToolsVersion = 10.2.1;
						TestTargetID = 9B273C4222CC8E2B00A024FA;
					};
				};
			};
			buildConfigurationList = 9B273C3E22CC8E2B00A024FA /* Build configuration list for PBXProject "Yomigana" */;
			compatibilityVersion = "Xcode 9.3";
			developmentRegion = en;
			hasScannedForEncodings = 0;
			knownRegions = (
				en,
				Base,
			);
			mainGroup = 9B273C3A22CC8E2B00A024FA;
			productRefGroup = 9B273C4422CC8E2B00A024FA /* Products */;
			projectDirPath = "";
			projectRoot = "";
			targets = (
				9B273C4222CC8E2B00A024FA /* Yomigana */,
				9B273C5622CC8E2C00A024FA /* YomiganaTests */,
				9B273C6122CC8E2D00A024FA /* YomiganaUITests */,
			);
		};
/* End PBXProject section */

/* Begin PBXResourcesBuildPhase section */
		9B273C4122CC8E2B00A024FA /* Resources */ = {
			isa = PBXResourcesBuildPhase;
			buildActionMask = 2147483647;
			files = (
				9B273C5122CC8E2C00A024FA /* LaunchScreen.storyboard in Resources */,
				9B273C4E22CC8E2C00A024FA /* Assets.xcassets in Resources */,
				9B18FD0322CCD515001CA9A0 /* SentenceCell.xib in Resources */,
				9B273C4C22CC8E2B00A024FA /* Main.storyboard in Resources */,
			);
			runOnlyForDeploymentPostprocessing = 0;
		};
		9B273C5522CC8E2C00A024FA /* Resources */ = {
			isa = PBXResourcesBuildPhase;
			buildActionMask = 2147483647;
			files = (
			);
			runOnlyForDeploymentPostprocessing = 0;
		};
		9B273C6022CC8E2D00A024FA /* Resources */ = {
			isa = PBXResourcesBuildPhase;
			buildActionMask = 2147483647;
			files = (
			);
			runOnlyForDeploymentPostprocessing = 0;
		};
/* End PBXResourcesBuildPhase section */

/* Begin PBXShellScriptBuildPhase section */
		9B273C7B22CC901900A024FA /* ShellScript */ = {
			isa = PBXShellScriptBuildPhase;
			buildActionMask = 2147483647;
			files = (
			);
			inputFileListPaths = (
			);
			inputPaths = (
				"$(SRCROOT)/Carthage/Build/iOS/Alamofire.framework",
				"$(SRCROOT)/Carthage/Build/iOS/SwiftyJSON.framework",
				"$(SRCROOT)/Carthage/Build/iOS/SVProgressHUD.framework",
				"$(SRCROOT)/Carthage/Build/iOS/MEOKit.framework",
			);
			outputFileListPaths = (
			);
			outputPaths = (
			);
			runOnlyForDeploymentPostprocessing = 0;
			shellPath = /bin/sh;
			shellScript = "/usr/local/bin/carthage copy-frameworks\n";
		};
/* End PBXShellScriptBuildPhase section */

/* Begin PBXSourcesBuildPhase section */
		9B273C3F22CC8E2B00A024FA /* Sources */ = {
			isa = PBXSourcesBuildPhase;
			buildActionMask = 2147483647;
			files = (
				9B273C4922CC8E2B00A024FA /* ViewController.swift in Sources */,
				9B18FCFE22CCC84B001CA9A0 /* ErrorType.swift in Sources */,
				9B18FD0522CCD86D001CA9A0 /* ViewController+TableView.swift in Sources */,
				9B18FCFC22CCBB84001CA9A0 /* Sentence.swift in Sources */,
				9B273C4722CC8E2B00A024FA /* AppDelegate.swift in Sources */,
				9B18FD0222CCD515001CA9A0 /* SentenceCell.swift in Sources */,
				9B273C7D22CC913900A024FA /* Constants.swift in Sources */,
			);
			runOnlyForDeploymentPostprocessing = 0;
		};
		9B273C5322CC8E2C00A024FA /* Sources */ = {
			isa = PBXSourcesBuildPhase;
			buildActionMask = 2147483647;
			files = (
				9B273C5C22CC8E2C00A024FA /* YomiganaTests.swift in Sources */,
			);
			runOnlyForDeploymentPostprocessing = 0;
		};
		9B273C5E22CC8E2D00A024FA /* Sources */ = {
			isa = PBXSourcesBuildPhase;
			buildActionMask = 2147483647;
			files = (
				9B273C6722CC8E2D00A024FA /* YomiganaUITests.swift in Sources */,
			);
			runOnlyForDeploymentPostprocessing = 0;
		};
/* End PBXSourcesBuildPhase section */

/* Begin PBXTargetDependency section */
		9B273C5922CC8E2C00A024FA /* PBXTargetDependency */ = {
			isa = PBXTargetDependency;
			target = 9B273C4222CC8E2B00A024FA /* Yomigana */;
			targetProxy = 9B273C5822CC8E2C00A024FA /* PBXContainerItemProxy */;
		};
		9B273C6422CC8E2D00A024FA /* PBXTargetDependency */ = {
			isa = PBXTargetDependency;
			target = 9B273C4222CC8E2B00A024FA /* Yomigana */;
			targetProxy = 9B273C6322CC8E2D00A024FA /* PBXContainerItemProxy */;
		};
/* End PBXTargetDependency section */

/* Begin PBXVariantGroup section */
		9B273C4A22CC8E2B00A024FA /* Main.storyboard */ = {
			isa = PBXVariantGroup;
			children = (
				9B273C4B22CC8E2B00A024FA /* Base */,
			);
			name = Main.storyboard;
			sourceTree = "<group>";
		};
		9B273C4F22CC8E2C00A024FA /* LaunchScreen.storyboard */ = {
			isa = PBXVariantGroup;
			children = (
				9B273C5022CC8E2C00A024FA /* Base */,
			);
			name = LaunchScreen.storyboard;
			sourceTree = "<group>";
		};
/* End PBXVariantGroup section */

/* Begin XCBuildConfiguration section */
		9B273C6922CC8E2D00A024FA /* Debug */ = {
			isa = XCBuildConfiguration;
			buildSettings = {
				ALWAYS_SEARCH_USER_PATHS = NO;
				CLANG_ANALYZER_NONNULL = YES;
				CLANG_ANALYZER_NUMBER_OBJECT_CONVERSION = YES_AGGRESSIVE;
				CLANG_CXX_LANGUAGE_STANDARD = "gnu++14";
				CLANG_CXX_LIBRARY = "libc++";
				CLANG_ENABLE_MODULES = YES;
				CLANG_ENABLE_OBJC_ARC = YES;
				CLANG_ENABLE_OBJC_WEAK = YES;
				CLANG_WARN_BLOCK_CAPTURE_AUTORELEASING = YES;
				CLANG_WARN_BOOL_CONVERSION = YES;
				CLANG_WARN_COMMA = YES;
				CLANG_WARN_CONSTANT_CONVERSION = YES;
				CLANG_WARN_DEPRECATED_OBJC_IMPLEMENTATIONS = YES;
				CLANG_WARN_DIRECT_OBJC_ISA_USAGE = YES_ERROR;
				CLANG_WARN_DOCUMENTATION_COMMENTS = YES;
				CLANG_WARN_EMPTY_BODY = YES;
				CLANG_WARN_ENUM_CONVERSION = YES;
				CLANG_WARN_INFINITE_RECURSION = YES;
				CLANG_WARN_INT_CONVERSION = YES;
				CLANG_WARN_NON_LITERAL_NULL_CONVERSION = YES;
				CLANG_WARN_OBJC_IMPLICIT_RETAIN_SELF = YES;
				CLANG_WARN_OBJC_LITERAL_CONVERSION = YES;
				CLANG_WARN_OBJC_ROOT_CLASS = YES_ERROR;
				CLANG_WARN_RANGE_LOOP_ANALYSIS = YES;
				CLANG_WARN_STRICT_PROTOTYPES = YES;
				CLANG_WARN_SUSPICIOUS_MOVE = YES;
				CLANG_WARN_UNGUARDED_AVAILABILITY = YES_AGGRESSIVE;
				CLANG_WARN_UNREACHABLE_CODE = YES;
				CLANG_WARN__DUPLICATE_METHOD_MATCH = YES;
				CODE_SIGN_IDENTITY = "iPhone Developer";
				COPY_PHASE_STRIP = NO;
				DEBUG_INFORMATION_FORMAT = dwarf;
				ENABLE_STRICT_OBJC_MSGSEND = YES;
				ENABLE_TESTABILITY = YES;
				GCC_C_LANGUAGE_STANDARD = gnu11;
				GCC_DYNAMIC_NO_PIC = NO;
				GCC_NO_COMMON_BLOCKS = YES;
				GCC_OPTIMIZATION_LEVEL = 0;
				GCC_PREPROCESSOR_DEFINITIONS = (
					"DEBUG=1",
					"$(inherited)",
				);
				GCC_WARN_64_TO_32_BIT_CONVERSION = YES;
				GCC_WARN_ABOUT_RETURN_TYPE = YES_ERROR;
				GCC_WARN_UNDECLARED_SELECTOR = YES;
				GCC_WARN_UNINITIALIZED_AUTOS = YES_AGGRESSIVE;
				GCC_WARN_UNUSED_FUNCTION = YES;
				GCC_WARN_UNUSED_VARIABLE = YES;
				IPHONEOS_DEPLOYMENT_TARGET = 12.2;
				MTL_ENABLE_DEBUG_INFO = INCLUDE_SOURCE;
				MTL_FAST_MATH = YES;
				ONLY_ACTIVE_ARCH = YES;
				SDKROOT = iphoneos;
				SWIFT_ACTIVE_COMPILATION_CONDITIONS = DEBUG;
				SWIFT_OPTIMIZATION_LEVEL = "-Onone";
			};
			name = Debug;
		};
		9B273C6A22CC8E2D00A024FA /* Release */ = {
			isa = XCBuildConfiguration;
			buildSettings = {
				ALWAYS_SEARCH_USER_PATHS = NO;
				CLANG_ANALYZER_NONNULL = YES;
				CLANG_ANALYZER_NUMBER_OBJECT_CONVERSION = YES_AGGRESSIVE;
				CLANG_CXX_LANGUAGE_STANDARD = "gnu++14";
				CLANG_CXX_LIBRARY = "libc++";
				CLANG_ENABLE_MODULES = YES;
				CLANG_ENABLE_OBJC_ARC = YES;
				CLANG_ENABLE_OBJC_WEAK = YES;
				CLANG_WARN_BLOCK_CAPTURE_AUTORELEASING = YES;
				CLANG_WARN_BOOL_CONVERSION = YES;
				CLANG_WARN_COMMA = YES;
				CLANG_WARN_CONSTANT_CONVERSION = YES;
				CLANG_WARN_DEPRECATED_OBJC_IMPLEMENTATIONS = YES;
				CLANG_WARN_DIRECT_OBJC_ISA_USAGE = YES_ERROR;
				CLANG_WARN_DOCUMENTATION_COMMENTS = YES;
				CLANG_WARN_EMPTY_BODY = YES;
				CLANG_WARN_ENUM_CONVERSION = YES;
				CLANG_WARN_INFINITE_RECURSION = YES;
				CLANG_WARN_INT_CONVERSION = YES;
				CLANG_WARN_NON_LITERAL_NULL_CONVERSION = YES;
				CLANG_WARN_OBJC_IMPLICIT_RETAIN_SELF = YES;
				CLANG_WARN_OBJC_LITERAL_CONVERSION = YES;
				CLANG_WARN_OBJC_ROOT_CLASS = YES_ERROR;
				CLANG_WARN_RANGE_LOOP_ANALYSIS = YES;
				CLANG_WARN_STRICT_PROTOTYPES = YES;
				CLANG_WARN_SUSPICIOUS_MOVE = YES;
				CLANG_WARN_UNGUARDED_AVAILABILITY = YES_AGGRESSIVE;
				CLANG_WARN_UNREACHABLE_CODE = YES;
				CLANG_WARN__DUPLICATE_METHOD_MATCH = YES;
				CODE_SIGN_IDENTITY = "iPhone Developer";
				COPY_PHASE_STRIP = NO;
				DEBUG_INFORMATION_FORMAT = "dwarf-with-dsym";
				ENABLE_NS_ASSERTIONS = NO;
				ENABLE_STRICT_OBJC_MSGSEND = YES;
				GCC_C_LANGUAGE_STANDARD = gnu11;
				GCC_NO_COMMON_BLOCKS = YES;
				GCC_WARN_64_TO_32_BIT_CONVERSION = YES;
				GCC_WARN_ABOUT_RETURN_TYPE = YES_ERROR;
				GCC_WARN_UNDECLARED_SELECTOR = YES;
				GCC_WARN_UNINITIALIZED_AUTOS = YES_AGGRESSIVE;
				GCC_WARN_UNUSED_FUNCTION = YES;
				GCC_WARN_UNUSED_VARIABLE = YES;
				IPHONEOS_DEPLOYMENT_TARGET = 12.2;
				MTL_ENABLE_DEBUG_INFO = NO;
				MTL_FAST_MATH = YES;
				SDKROOT = iphoneos;
				SWIFT_COMPILATION_MODE = wholemodule;
				SWIFT_OPTIMIZATION_LEVEL = "-O";
				VALIDATE_PRODUCT = YES;
			};
			name = Release;
		};
		9B273C6C22CC8E2D00A024FA /* Debug */ = {
			isa = XCBuildConfiguration;
			buildSettings = {
				ASSETCATALOG_COMPILER_APPICON_NAME = AppIcon;
				CODE_SIGN_STYLE = Automatic;
				FRAMEWORK_SEARCH_PATHS = (
					"$(inherited)",
					"$(PROJECT_DIR)/Carthage/Build/iOS",
				);
				INFOPLIST_FILE = Yomigana/Info.plist;
				LD_RUNPATH_SEARCH_PATHS = (
					"$(inherited)",
					"@executable_path/Frameworks",
				);
				PRODUCT_BUNDLE_IDENTIFIER = net.mituwa.dev.Yomigana;
				PRODUCT_NAME = "$(TARGET_NAME)";
				SWIFT_VERSION = 5.0;
				TARGETED_DEVICE_FAMILY = "1,2";
			};
			name = Debug;
		};
		9B273C6D22CC8E2D00A024FA /* Release */ = {
			isa = XCBuildConfiguration;
			buildSettings = {
				ASSETCATALOG_COMPILER_APPICON_NAME = AppIcon;
				CODE_SIGN_STYLE = Automatic;
				FRAMEWORK_SEARCH_PATHS = (
					"$(inherited)",
					"$(PROJECT_DIR)/Carthage/Build/iOS",
				);
				INFOPLIST_FILE = Yomigana/Info.plist;
				LD_RUNPATH_SEARCH_PATHS = (
					"$(inherited)",
					"@executable_path/Frameworks",
				);
				PRODUCT_BUNDLE_IDENTIFIER = net.mituwa.dev.Yomigana;
				PRODUCT_NAME = "$(TARGET_NAME)";
				SWIFT_VERSION = 5.0;
				TARGETED_DEVICE_FAMILY = "1,2";
			};
			name = Release;
		};
		9B273C6F22CC8E2D00A024FA /* Debug */ = {
			isa = XCBuildConfiguration;
			buildSettings = {
				ALWAYS_EMBED_SWIFT_STANDARD_LIBRARIES = YES;
				BUNDLE_LOADER = "$(TEST_HOST)";
				CODE_SIGN_STYLE = Automatic;
				INFOPLIST_FILE = YomiganaTests/Info.plist;
				LD_RUNPATH_SEARCH_PATHS = (
					"$(inherited)",
					"@executable_path/Frameworks",
					"@loader_path/Frameworks",
				);
				PRODUCT_BUNDLE_IDENTIFIER = net.mituwa.dev.YomiganaTests;
				PRODUCT_NAME = "$(TARGET_NAME)";
				SWIFT_VERSION = 5.0;
				TARGETED_DEVICE_FAMILY = "1,2";
				TEST_HOST = "$(BUILT_PRODUCTS_DIR)/Yomigana.app/Yomigana";
			};
			name = Debug;
		};
		9B273C7022CC8E2D00A024FA /* Release */ = {
			isa = XCBuildConfiguration;
			buildSettings = {
				ALWAYS_EMBED_SWIFT_STANDARD_LIBRARIES = YES;
				BUNDLE_LOADER = "$(TEST_HOST)";
				CODE_SIGN_STYLE = Automatic;
				INFOPLIST_FILE = YomiganaTests/Info.plist;
				LD_RUNPATH_SEARCH_PATHS = (
					"$(inherited)",
					"@executable_path/Frameworks",
					"@loader_path/Frameworks",
				);
				PRODUCT_BUNDLE_IDENTIFIER = net.mituwa.dev.YomiganaTests;
				PRODUCT_NAME = "$(TARGET_NAME)";
				SWIFT_VERSION = 5.0;
				TARGETED_DEVICE_FAMILY = "1,2";
				TEST_HOST = "$(BUILT_PRODUCTS_DIR)/Yomigana.app/Yomigana";
			};
			name = Release;
		};
		9B273C7222CC8E2D00A024FA /* Debug */ = {
			isa = XCBuildConfiguration;
			buildSettings = {
				ALWAYS_EMBED_SWIFT_STANDARD_LIBRARIES = YES;
				CODE_SIGN_STYLE = Automatic;
				INFOPLIST_FILE = YomiganaUITests/Info.plist;
				LD_RUNPATH_SEARCH_PATHS = (
					"$(inherited)",
					"@executable_path/Frameworks",
					"@loader_path/Frameworks",
				);
				PRODUCT_BUNDLE_IDENTIFIER = net.mituwa.dev.YomiganaUITests;
				PRODUCT_NAME = "$(TARGET_NAME)";
				SWIFT_VERSION = 5.0;
				TARGETED_DEVICE_FAMILY = "1,2";
				TEST_TARGET_NAME = Yomigana;
			};
			name = Debug;
		};
		9B273C7322CC8E2D00A024FA /* Release */ = {
			isa = XCBuildConfiguration;
			buildSettings = {
				ALWAYS_EMBED_SWIFT_STANDARD_LIBRARIES = YES;
				CODE_SIGN_STYLE = Automatic;
				INFOPLIST_FILE = YomiganaUITests/Info.plist;
				LD_RUNPATH_SEARCH_PATHS = (
					"$(inherited)",
					"@executable_path/Frameworks",
					"@loader_path/Frameworks",
				);
				PRODUCT_BUNDLE_IDENTIFIER = net.mituwa.dev.YomiganaUITests;
				PRODUCT_NAME = "$(TARGET_NAME)";
				SWIFT_VERSION = 5.0;
				TARGETED_DEVICE_FAMILY = "1,2";
				TEST_TARGET_NAME = Yomigana;
			};
			name = Release;
		};
/* End XCBuildConfiguration section */

/* Begin XCConfigurationList section */
		9B273C3E22CC8E2B00A024FA /* Build configuration list for PBXProject "Yomigana" */ = {
			isa = XCConfigurationList;
			buildConfigurations = (
				9B273C6922CC8E2D00A024FA /* Debug */,
				9B273C6A22CC8E2D00A024FA /* Release */,
			);
			defaultConfigurationIsVisible = 0;
			defaultConfigurationName = Release;
		};
		9B273C6B22CC8E2D00A024FA /* Build configuration list for PBXNativeTarget "Yomigana" */ = {
			isa = XCConfigurationList;
			buildConfigurations = (
				9B273C6C22CC8E2D00A024FA /* Debug */,
				9B273C6D22CC8E2D00A024FA /* Release */,
			);
			defaultConfigurationIsVisible = 0;
			defaultConfigurationName = Release;
		};
		9B273C6E22CC8E2D00A024FA /* Build configuration list for PBXNativeTarget "YomiganaTests" */ = {
			isa = XCConfigurationList;
			buildConfigurations = (
				9B273C6F22CC8E2D00A024FA /* Debug */,
				9B273C7022CC8E2D00A024FA /* Release */,
			);
			defaultConfigurationIsVisible = 0;
			defaultConfigurationName = Release;
		};
		9B273C7122CC8E2D00A024FA /* Build configuration list for PBXNativeTarget "YomiganaUITests" */ = {
			isa = XCConfigurationList;
			buildConfigurations = (
				9B273C7222CC8E2D00A024FA /* Debug */,
				9B273C7322CC8E2D00A024FA /* Release */,
			);
			defaultConfigurationIsVisible = 0;
			defaultConfigurationName = Release;
		};
/* End XCConfigurationList section */
	};
	rootObject = 9B273C3B22CC8E2B00A024FA /* Project object */;
}
